// !$*UTF8*$!
{
	archiveVersion = 1;
	classes = {
	};
	objectVersion = 46;
	objects = {

/* Begin PBXBuildFile section */
		4AFC5DE21F0B651F00A839C7 /* AppDelegate.swift in Sources */ = {isa = PBXBuildFile; fileRef = 4AFC5DE11F0B651F00A839C7 /* AppDelegate.swift */; };
		4AFC5DE41F0B651F00A839C7 /* ViewController.swift in Sources */ = {isa = PBXBuildFile; fileRef = 4AFC5DE31F0B651F00A839C7 /* ViewController.swift */; };
		4AFC5DE71F0B651F00A839C7 /* Main.storyboard in Resources */ = {isa = PBXBuildFile; fileRef = 4AFC5DE51F0B651F00A839C7 /* Main.storyboard */; };
		4AFC5DE91F0B651F00A839C7 /* Assets.xcassets in Resources */ = {isa = PBXBuildFile; fileRef = 4AFC5DE81F0B651F00A839C7 /* Assets.xcassets */; };
		4AFC5DEC1F0B651F00A839C7 /* LaunchScreen.storyboard in Resources */ = {isa = PBXBuildFile; fileRef = 4AFC5DEA1F0B651F00A839C7 /* LaunchScreen.storyboard */; };
/* End PBXBuildFile section */

/* Begin PBXFileReference section */
		4AFC5DDE1F0B651F00A839C7 /* MyApp22.app */ = {isa = PBXFileReference; explicitFileType = wrapper.application; includeInIndex = 0; path = MyApp22.app; sourceTree = BUILT_PRODUCTS_DIR; };
		4AFC5DE11F0B651F00A839C7 /* AppDelegate.swift */ = {isa = PBXFileReference; lastKnownFileType = sourcecode.swift; path = AppDelegate.swift; sourceTree = "<group>"; };
		4AFC5DE31F0B651F00A839C7 /* ViewController.swift */ = {isa = PBXFileReference; lastKnownFileType = sourcecode.swift; path = ViewController.swift; sourceTree = "<group>"; };
		4AFC5DE61F0B651F00A839C7 /* Base */ = {isa = PBXFileReference; lastKnownFileType = file.storyboard; name = Base; path = Base.lproj/Main.storyboard; sourceTree = "<group>"; };
		4AFC5DE81F0B651F00A839C7 /* Assets.xcassets */ = {isa = PBXFileReference; lastKnownFileType = folder.assetcatalog; path = Assets.xcassets; sourceTree = "<group>"; };
		4AFC5DEB1F0B651F00A839C7 /* Base */ = {isa = PBXFileReference; lastKnownFileType = file.storyboard; name = Base; path = Base.lproj/LaunchScreen.storyboard; sourceTree = "<group>"; };
		4AFC5DED1F0B651F00A839C7 /* Info.plist */ = {isa = PBXFileReference; lastKnownFileType = text.plist.xml; path = Info.plist; sourceTree = "<group>"; };
/* End PBXFileReference section */

/* Begin PBXFrameworksBuildPhase section */
		4AFC5DDB1F0B651F00A839C7 /* Frameworks */ = {
			isa = PBXFrameworksBuildPhase;
			buildActionMask = 2147483647;
			files = (
			);
			runOnlyForDeploymentPostprocessing = 0;
		};
/* End PBXFrameworksBuildPhase section */

/* Begin PBXGroup section */
		4AFC5DD51F0B651F00A839C7 = {
			isa = PBXGroup;
			children = (
				4AFC5DE01F0B651F00A839C7 /* MyApp22 */,
				4AFC5DDF1F0B651F00A839C7 /* Products */,
			);
			sourceTree = "<group>";
		};
		4AFC5DDF1F0B651F00A839C7 /* Products */ = {
			isa = PBXGroup;
			children = (
				4AFC5DDE1F0B651F00A839C7 /* MyApp22.app */,
			);
			name = Products;
			sourceTree = "<group>";
		};
		4AFC5DE01F0B651F00A839C7 /* MyApp22 */ = {
			isa = PBXGroup;
			children = (
				4AFC5DE11F0B651F00A839C7 /* AppDelegate.swift */,
				4AFC5DE31F0B651F00A839C7 /* ViewController.swift */,
				4AFC5DE51F0B651F00A839C7 /* Main.storyboard */,
				4AFC5DE81F0B651F00A839C7 /* Assets.xcassets */,
				4AFC5DEA1F0B651F00A839C7 /* LaunchScreen.storyboard */,
				4AFC5DED1F0B651F00A839C7 /* Info.plist */,
			);
			path = MyApp22;
			sourceTree = "<group>";
		};
/* End PBXGroup section */

/* Begin PBXNativeTarget section */
		4AFC5DDD1F0B651F00A839C7 /* MyApp22 */ = {
			isa = PBXNativeTarget;
			buildConfigurationList = 4AFC5DF01F0B651F00A839C7 /* Build configuration list for PBXNativeTarget "MyApp22" */;
			buildPhases = (
				4AFC5DDA1F0B651F00A839C7 /* Sources */,
				4AFC5DDB1F0B651F00A839C7 /* Frameworks */,
				4AFC5DDC1F0B651F00A839C7 /* Resources */,
			);
			buildRules = (
			);
			dependencies = (
			);
			name = MyApp22;
			productName = MyApp22;
			productReference = 4AFC5DDE1F0B651F00A839C7 /* MyApp22.app */;
			productType = "com.apple.product-type.application";
		};
/* End PBXNativeTarget section */

/* Begin PBXProject section */
		4AFC5DD61F0B651F00A839C7 /* Project object */ = {
			isa = PBXProject;
			attributes = {
				LastSwiftUpdateCheck = 0830;
				LastUpgradeCheck = 0830;
				ORGANIZATIONNAME = "iii-user";
				TargetAttributes = {
					4AFC5DDD1F0B651F00A839C7 = {
						CreatedOnToolsVersion = 8.3.3;
						DevelopmentTeam = E6779B3XT4;
						ProvisioningStyle = Automatic;
					};
				};
			};
			buildConfigurationList = 4AFC5DD91F0B651F00A839C7 /* Build configuration list for PBXProject "MyApp22" */;
			compatibilityVersion = "Xcode 3.2";
			developmentRegion = English;
			hasScannedForEncodings = 0;
			knownRegions = (
				en,
				Base,
			);
			mainGroup = 4AFC5DD51F0B651F00A839C7;
			productRefGroup = 4AFC5DDF1F0B651F00A839C7 /* Products */;
			projectDirPath = "";
			projectRoot = "";
			targets = (
				4AFC5DDD1F0B651F00A839C7 /* MyApp22 */,
			);
		};
/* End PBXProject section */

/* Begin PBXResourcesBuildPhase section */
		4AFC5DDC1F0B651F00A839C7 /* Resources */ = {
			isa = PBXResourcesBuildPhase;
			buildActionMask = 2147483647;
			files = (
				4AFC5DEC1F0B651F00A839C7 /* LaunchScreen.storyboard in Resources */,
				4AFC5DE91F0B651F00A839C7 /* Assets.xcassets in Resources */,
				4AFC5DE71F0B651F00A839C7 /* Main.storyboard in Resources */,
			);
			runOnlyForDeploymentPostprocessing = 0;
		};
/* End PBXResourcesBuildPhase section */

/* Begin PBXSourcesBuildPhase section */
		4AFC5DDA1F0B651F00A839C7 /* Sources */ = {
			isa = PBXSourcesBuildPhase;
			buildActionMask = 2147483647;
			files = (
				4AFC5DE41F0B651F00A839C7 /* ViewController.swift in Sources */,
				4AFC5DE21F0B651F00A839C7 /* AppDelegate.swift in Sources */,
			);
			runOnlyForDeploymentPostprocessing = 0;
		};
/* End PBXSourcesBuildPhase section */

/* Begin PBXVariantGroup section */
		4AFC5DE51F0B651F00A839C7 /* Main.storyboard */ = {
			isa = PBXVariantGroup;
			children = (
				4AFC5DE61F0B651F00A839C7 /* Base */,
			);
			name = Main.storyboard;
			sourceTree = "<group>";
		};
		4AFC5DEA1F0B651F00A839C7 /* LaunchScreen.storyboard */ = {
			isa = PBXVariantGroup;
			children = (
				4AFC5DEB1F0B651F00A839C7 /* Base */,
			);
			name = LaunchScreen.storyboard;
			sourceTree = "<group>";
		};
/* End PBXVariantGroup section */

/* Begin XCBuildConfiguration section */
		4AFC5DEE1F0B651F00A839C7 /* Debug */ = {
			isa = XCBuildConfiguration;
			buildSettings = {
				ALWAYS_SEARCH_USER_PATHS = NO;
				CLANG_ANALYZER_NONNULL = YES;
				CLANG_ANALYZER_NUMBER_OBJECT_CONVERSION = YES_AGGRESSIVE;
				CLANG_CXX_LANGUAGE_STANDARD = "gnu++0x";
				CLANG_CXX_LIBRARY = "libc++";
				CLANG_ENABLE_MODULES = YES;
				CLANG_ENABLE_OBJC_ARC = YES;
				CLANG_WARN_BOOL_CONVERSION = YES;
				CLANG_WARN_CONSTANT_CONVERSION = YES;
				CLANG_WARN_DIRECT_OBJC_ISA_USAGE = YES_ERROR;
				CLANG_WARN_DOCUMENTATION_COMMENTS = YES;
				CLANG_WARN_EMPTY_BODY = YES;
				CLANG_WARN_ENUM_CONVERSION = YES;
				CLANG_WARN_INFINITE_RECURSION = YES;
				CLANG_WARN_INT_CONVERSION = YES;
				CLANG_WARN_OBJC_ROOT_CLASS = YES_ERROR;
				CLANG_WARN_SUSPICIOUS_MOVE = YES;
				CLANG_WARN_UNREACHABLE_CODE = YES;
				CLANG_WARN__DUPLICATE_METHOD_MATCH = YES;
				"CODE_SIGN_IDENTITY[sdk=iphoneos*]" = "iPhone Developer";
				COPY_PHASE_STRIP = NO;
				DEBUG_INFORMATION_FORMAT = dwarf;
				ENABLE_STRICT_OBJC_MSGSEND = YES;
				ENABLE_TESTABILITY = YES;
				GCC_C_LANGUAGE_STANDARD = gnu99;
				GCC_DYNAMIC_NO_PIC = NO;
				GCC_NO_COMMON_BLOCKS = YES;
				GCC_OPTIMIZATION_LEVEL = 0;
				GCC_PREPROCESSOR_DEFINITIONS = (
					"DEBUG=1",
					"$(inherited)",
				);
				GCC_WARN_64_TO_32_BIT_CONVERSION = YES;
				GCC_WARN_ABOUT_RETURN_TYPE = YES_ERROR;
				GCC_WARN_UNDECLARED_SELECTOR = YES;
				GCC_WARN_UNINITIALIZED_AUTOS = YES_AGGRESSIVE;
				GCC_WARN_UNUSED_FUNCTION = YES;
				GCC_WARN_UNUSED_VARIABLE = YES;
				IPHONEOS_DEPLOYMENT_TARGET = 10.3;
				MTL_ENABLE_DEBUG_INFO = YES;
				ONLY_ACTIVE_ARCH = YES;
				SDKROOT = iphoneos;
				SWIFT_ACTIVE_COMPILATION_CONDITIONS = DEBUG;
				SWIFT_OPTIMIZATION_LEVEL = "-Onone";
				TARGETED_DEVICE_FAMILY = "1,2";
			};
			name = Debug;
		};
		4AFC5DEF1F0B651F00A839C7 /* Release */ = {
			isa = XCBuildConfiguration;
			buildSettings = {
				ALWAYS_SEARCH_USER_PATHS = NO;
				CLANG_ANALYZER_NONNULL = YES;
				CLANG_ANALYZER_NUMBER_OBJECT_CONVERSION = YES_AGGRESSIVE;
				CLANG_CXX_LANGUAGE_STANDARD = "gnu++0x";
				CLANG_CXX_LIBRARY = "libc++";
				CLANG_ENABLE_MODULES = YES;
				CLANG_ENABLE_OBJC_ARC = YES;
				CLANG_WARN_BOOL_CONVERSION = YES;
				CLANG_WARN_CONSTANT_CONVERSION = YES;
				CLANG_WARN_DIRECT_OBJC_ISA_USAGE = YES_ERROR;
				CLANG_WARN_DOCUMENTATION_COMMENTS = YES;
				CLANG_WARN_EMPTY_BODY = YES;
				CLANG_WARN_ENUM_CONVERSION = YES;
				CLANG_WARN_INFINITE_RECURSION = YES;
				CLANG_WARN_INT_CONVERSION = YES;
				CLANG_WARN_OBJC_ROOT_CLASS = YES_ERROR;
				CLANG_WARN_SUSPICIOUS_MOVE = YES;
				CLANG_WARN_UNREACHABLE_CODE = YES;
				CLANG_WARN__DUPLICATE_METHOD_MATCH = YES;
				"CODE_SIGN_IDENTITY[sdk=iphoneos*]" = "iPhone Developer";
				COPY_PHASE_STRIP = NO;
				DEBUG_INFORMATION_FORMAT = "dwarf-with-dsym";
				ENABLE_NS_ASSERTIONS = NO;
				ENABLE_STRICT_OBJC_MSGSEND = YES;
				GCC_C_LANGUAGE_STANDARD = gnu99;
				GCC_NO_COMMON_BLOCKS = YES;
				GCC_WARN_64_TO_32_BIT_CONVERSION = YES;
				GCC_WARN_ABOUT_RETURN_TYPE = YES_ERROR;
				GCC_WARN_UNDECLARED_SELECTOR = YES;
				GCC_WARN_UNINITIALIZED_AUTOS = YES_AGGRESSIVE;
				GCC_WARN_UNUSED_FUNCTION = YES;
				GCC_WARN_UNUSED_VARIABLE = YES;
				IPHONEOS_DEPLOYMENT_TARGET = 10.3;
				MTL_ENABLE_DEBUG_INFO = NO;
				SDKROOT = iphoneos;
				SWIFT_OPTIMIZATION_LEVEL = "-Owholemodule";
				TARGETED_DEVICE_FAMILY = "1,2";
				VALIDATE_PRODUCT = YES;
			};
			name = Release;
		};
		4AFC5DF11F0B651F00A839C7 /* Debug */ = {
			isa = XCBuildConfiguration;
			buildSettings = {
				ASSETCATALOG_COMPILER_APPICON_NAME = AppIcon;
				DEVELOPMENT_TEAM = E6779B3XT4;
				INFOPLIST_FILE = MyApp22/Info.plist;
				LD_RUNPATH_SEARCH_PATHS = "$(inherited) @executable_path/Frameworks";
				PRODUCT_BUNDLE_IDENTIFIER = tw.org.iii.MyApp22;
				PRODUCT_NAME = "$(TARGET_NAME)";
				SWIFT_VERSION = 3.0;
			};
			name = Debug;
		};
		4AFC5DF21F0B651F00A839C7 /* Release */ = {
			isa = XCBuildConfiguration;
			buildSettings = {
				ASSETCATALOG_COMPILER_APPICON_NAME = AppIcon;
				DEVELOPMENT_TEAM = E6779B3XT4;
				INFOPLIST_FILE = MyApp22/Info.plist;
				LD_RUNPATH_SEARCH_PATHS = "$(inherited) @executable_path/Frameworks";
				PRODUCT_BUNDLE_IDENTIFIER = tw.org.iii.MyApp22;
				PRODUCT_NAME = "$(TARGET_NAME)";
				SWIFT_VERSION = 3.0;
			};
			name = Release;
		};
/* End XCBuildConfiguration section */

/* Begin XCConfigurationList section */
		4AFC5DD91F0B651F00A839C7 /* Build configuration list for PBXProject "MyApp22" */ = {
			isa = XCConfigurationList;
			buildConfigurations = (
				4AFC5DEE1F0B651F00A839C7 /* Debug */,
				4AFC5DEF1F0B651F00A839C7 /* Release */,
			);
			defaultConfigurationIsVisible = 0;
			defaultConfigurationName = Release;
		};
		4AFC5DF01F0B651F00A839C7 /* Build configuration list for PBXNativeTarget "MyApp22" */ = {
			isa = XCConfigurationList;
			buildConfigurations = (
				4AFC5DF11F0B651F00A839C7 /* Debug */,
				4AFC5DF21F0B651F00A839C7 /* Release */,
			);
			defaultConfigurationIsVisible = 0;
		};
/* End XCConfigurationList section */
	};
	rootObject = 4AFC5DD61F0B651F00A839C7 /* Project object */;
}
